{
  "name": "js-ast",
  "version": "1.0.0",
  "lockfileVersion": 1,
  "requires": true,
  "dependencies": {
    "ast-types": {
      "version": "0.11.6",
      "resolved": "https://registry.npmjs.org/ast-types/-/ast-types-0.11.6.tgz",
      "integrity": "sha512-nHiuV14upVGl7MWwFUYbzJ6YlfwWS084CU9EA8HajfYQjMSli5TQi3UTRygGF58LFWVkXxS1rbgRhROEqlQkXg=="
    },
    "esprima": {
      "version": "4.0.1",
      "resolved": "https://registry.npmjs.org/esprima/-/esprima-4.0.1.tgz",
      "integrity": "sha512-eGuFFw7Upda+g4p+QHvnW0RyTX/SVeJBDM/gCtMARO0cLuT2HcEKnTPvhjV6aGeqrCB/sbNop0Kszm0jsaWU4A=="
    },
    "private": {
      "version": "0.1.8",
      "resolved": "https://registry.npmjs.org/private/-/private-0.1.8.tgz",
      "integrity": "sha512-VvivMrbvd2nKkiG38qjULzlc+4Vx4wm/whI9pQD35YrARNnhxeiRktSOhSukRLFNlzg6Br/cJPet5J/u19r/mg=="
    },
    "recast": {
      "version": "0.16.1",
      "resolved": "https://registry.npmjs.org/recast/-/recast-0.16.1.tgz",
      "integrity": "sha512-ZUQm94F3AHozRaTo4Vz6yIgkSEZIL7p+BsWeGZ23rx+ZVRoqX+bvBA8br0xmCOU0DSR4qYGtV7Y5HxTsC4V78A==",
      "requires": {
        "ast-types": "0.11.6",
        "esprima": "~4.0.0",
        "private": "~0.1.5",
        "source-map": "~0.6.1"
      }
    },
    "source-map": {
      "version": "0.6.1",
      "resolved": "https://registry.npmjs.org/source-map/-/source-map-0.6.1.tgz",
      "integrity": "sha512-UjgapumWlbMhkBgzT7Ykc5YXUT46F0iKu8SGXq0bcwP5dz/h0Plj6enJqjz1Zbq2l5WaqYnrVbwWOWMyF3F47g=="
    }
  }
}
